// !$*UTF8*$!
{
	archiveVersion = 1;
	classes = {
	};
	objectVersion = 55;
	objects = {

/* Begin PBXBuildFile section */
		9B1CB0EE2996760900D88CF0 /* touchApp.swift in Sources */ = {isa = PBXBuildFile; fileRef = 9B1CB0ED2996760900D88CF0 /* touchApp.swift */; };
		9B1CB0F02996760900D88CF0 /* ContentView.swift in Sources */ = {isa = PBXBuildFile; fileRef = 9B1CB0EF2996760900D88CF0 /* ContentView.swift */; };
		9B1CB0F22996761300D88CF0 /* Assets.xcassets in Resources */ = {isa = PBXBuildFile; fileRef = 9B1CB0F12996761300D88CF0 /* Assets.xcassets */; };
		9B1CB0F52996761300D88CF0 /* Preview Assets.xcassets in Resources */ = {isa = PBXBuildFile; fileRef = 9B1CB0F42996761300D88CF0 /* Preview Assets.xcassets */; };
		9B1CB0F72996761300D88CF0 /* Persistence.swift in Sources */ = {isa = PBXBuildFile; fileRef = 9B1CB0F62996761300D88CF0 /* Persistence.swift */; };
		9B1CB0FA2996761300D88CF0 /* touch.xcdatamodeld in Sources */ = {isa = PBXBuildFile; fileRef = 9B1CB0F82996761300D88CF0 /* touch.xcdatamodeld */; };
		9B1CB1042996761400D88CF0 /* touchTests.swift in Sources */ = {isa = PBXBuildFile; fileRef = 9B1CB1032996761400D88CF0 /* touchTests.swift */; };
		9B1CB10E2996761400D88CF0 /* touchUITests.swift in Sources */ = {isa = PBXBuildFile; fileRef = 9B1CB10D2996761400D88CF0 /* touchUITests.swift */; };
		9B1CB1102996761400D88CF0 /* touchUITestsLaunchTests.swift in Sources */ = {isa = PBXBuildFile; fileRef = 9B1CB10F2996761400D88CF0 /* touchUITestsLaunchTests.swift */; };
/* End PBXBuildFile section */

/* Begin PBXContainerItemProxy section */
		9B1CB1002996761400D88CF0 /* PBXContainerItemProxy */ = {
			isa = PBXContainerItemProxy;
			containerPortal = 9B1CB0E22996760900D88CF0 /* Project object */;
			proxyType = 1;
			remoteGlobalIDString = 9B1CB0E92996760900D88CF0;
			remoteInfo = touch;
		};
		9B1CB10A2996761400D88CF0 /* PBXContainerItemProxy */ = {
			isa = PBXContainerItemProxy;
			containerPortal = 9B1CB0E22996760900D88CF0 /* Project object */;
			proxyType = 1;
			remoteGlobalIDString = 9B1CB0E92996760900D88CF0;
			remoteInfo = touch;
		};
/* End PBXContainerItemProxy section */

/* Begin PBXFileReference section */
		9B1CB0EA2996760900D88CF0 /* touch.app */ = {isa = PBXFileReference; explicitFileType = wrapper.application; includeInIndex = 0; path = touch.app; sourceTree = BUILT_PRODUCTS_DIR; };
		9B1CB0ED2996760900D88CF0 /* touchApp.swift */ = {isa = PBXFileReference; lastKnownFileType = sourcecode.swift; path = touchApp.swift; sourceTree = "<group>"; };
		9B1CB0EF2996760900D88CF0 /* ContentView.swift */ = {isa = PBXFileReference; lastKnownFileType = sourcecode.swift; path = ContentView.swift; sourceTree = "<group>"; };
		9B1CB0F12996761300D88CF0 /* Assets.xcassets */ = {isa = PBXFileReference; lastKnownFileType = folder.assetcatalog; path = Assets.xcassets; sourceTree = "<group>"; };
		9B1CB0F42996761300D88CF0 /* Preview Assets.xcassets */ = {isa = PBXFileReference; lastKnownFileType = folder.assetcatalog; path = "Preview Assets.xcassets"; sourceTree = "<group>"; };
		9B1CB0F62996761300D88CF0 /* Persistence.swift */ = {isa = PBXFileReference; lastKnownFileType = sourcecode.swift; path = Persistence.swift; sourceTree = "<group>"; };
		9B1CB0F92996761300D88CF0 /* touch.xcdatamodel */ = {isa = PBXFileReference; lastKnownFileType = wrapper.xcdatamodel; path = touch.xcdatamodel; sourceTree = "<group>"; };
		9B1CB0FF2996761400D88CF0 /* touchTests.xctest */ = {isa = PBXFileReference; explicitFileType = wrapper.cfbundle; includeInIndex = 0; path = touchTests.xctest; sourceTree = BUILT_PRODUCTS_DIR; };
		9B1CB1032996761400D88CF0 /* touchTests.swift */ = {isa = PBXFileReference; lastKnownFileType = sourcecode.swift; path = touchTests.swift; sourceTree = "<group>"; };
		9B1CB1092996761400D88CF0 /* touchUITests.xctest */ = {isa = PBXFileReference; explicitFileType = wrapper.cfbundle; includeInIndex = 0; path = touchUITests.xctest; sourceTree = BUILT_PRODUCTS_DIR; };
		9B1CB10D2996761400D88CF0 /* touchUITests.swift */ = {isa = PBXFileReference; lastKnownFileType = sourcecode.swift; path = touchUITests.swift; sourceTree = "<group>"; };
		9B1CB10F2996761400D88CF0 /* touchUITestsLaunchTests.swift */ = {isa = PBXFileReference; lastKnownFileType = sourcecode.swift; path = touchUITestsLaunchTests.swift; sourceTree = "<group>"; };
/* End PBXFileReference section */

/* Begin PBXFrameworksBuildPhase section */
		9B1CB0E72996760900D88CF0 /* Frameworks */ = {
			isa = PBXFrameworksBuildPhase;
			buildActionMask = 2147483647;
			files = (
			);
			runOnlyForDeploymentPostprocessing = 0;
		};
		9B1CB0FC2996761400D88CF0 /* Frameworks */ = {
			isa = PBXFrameworksBuildPhase;
			buildActionMask = 2147483647;
			files = (
			);
			runOnlyForDeploymentPostprocessing = 0;
		};
		9B1CB1062996761400D88CF0 /* Frameworks */ = {
			isa = PBXFrameworksBuildPhase;
			buildActionMask = 2147483647;
			files = (
			);
			runOnlyForDeploymentPostprocessing = 0;
		};
/* End PBXFrameworksBuildPhase section */

/* Begin PBXGroup section */
		9B1CB0E12996760900D88CF0 = {
			isa = PBXGroup;
			children = (
				9B1CB0EC2996760900D88CF0 /* touch */,
				9B1CB1022996761400D88CF0 /* touchTests */,
				9B1CB10C2996761400D88CF0 /* touchUITests */,
				9B1CB0EB2996760900D88CF0 /* Products */,
			);
			sourceTree = "<group>";
		};
		9B1CB0EB2996760900D88CF0 /* Products */ = {
			isa = PBXGroup;
			children = (
				9B1CB0EA2996760900D88CF0 /* touch.app */,
				9B1CB0FF2996761400D88CF0 /* touchTests.xctest */,
				9B1CB1092996761400D88CF0 /* touchUITests.xctest */,
			);
			name = Products;
			sourceTree = "<group>";
		};
		9B1CB0EC2996760900D88CF0 /* touch */ = {
			isa = PBXGroup;
			children = (
				9B1CB0ED2996760900D88CF0 /* touchApp.swift */,
				9B1CB0EF2996760900D88CF0 /* ContentView.swift */,
				9B1CB0F12996761300D88CF0 /* Assets.xcassets */,
				9B1CB0F62996761300D88CF0 /* Persistence.swift */,
				9B1CB0F82996761300D88CF0 /* touch.xcdatamodeld */,
				9B1CB0F32996761300D88CF0 /* Preview Content */,
			);
			path = touch;
			sourceTree = "<group>";
		};
		9B1CB0F32996761300D88CF0 /* Preview Content */ = {
			isa = PBXGroup;
			children = (
				9B1CB0F42996761300D88CF0 /* Preview Assets.xcassets */,
			);
			path = "Preview Content";
			sourceTree = "<group>";
		};
		9B1CB1022996761400D88CF0 /* touchTests */ = {
			isa = PBXGroup;
			children = (
				9B1CB1032996761400D88CF0 /* touchTests.swift */,
			);
			path = touchTests;
			sourceTree = "<group>";
		};
		9B1CB10C2996761400D88CF0 /* touchUITests */ = {
			isa = PBXGroup;
			children = (
				9B1CB10D2996761400D88CF0 /* touchUITests.swift */,
				9B1CB10F2996761400D88CF0 /* touchUITestsLaunchTests.swift */,
			);
			path = touchUITests;
			sourceTree = "<group>";
		};
/* End PBXGroup section */

/* Begin PBXNativeTarget section */
		9B1CB0E92996760900D88CF0 /* touch */ = {
			isa = PBXNativeTarget;
			buildConfigurationList = 9B1CB1132996761400D88CF0 /* Build configuration list for PBXNativeTarget "touch" */;
			buildPhases = (
				9B1CB0E62996760900D88CF0 /* Sources */,
				9B1CB0E72996760900D88CF0 /* Frameworks */,
				9B1CB0E82996760900D88CF0 /* Resources */,
			);
			buildRules = (
			);
			dependencies = (
			);
			name = touch;
			productName = touch;
			productReference = 9B1CB0EA2996760900D88CF0 /* touch.app */;
			productType = "com.apple.product-type.application";
		};
		9B1CB0FE2996761400D88CF0 /* touchTests */ = {
			isa = PBXNativeTarget;
			buildConfigurationList = 9B1CB1162996761400D88CF0 /* Build configuration list for PBXNativeTarget "touchTests" */;
			buildPhases = (
				9B1CB0FB2996761400D88CF0 /* Sources */,
				9B1CB0FC2996761400D88CF0 /* Frameworks */,
				9B1CB0FD2996761400D88CF0 /* Resources */,
			);
			buildRules = (
			);
			dependencies = (
				9B1CB1012996761400D88CF0 /* PBXTargetDependency */,
			);
			name = touchTests;
			productName = touchTests;
			productReference = 9B1CB0FF2996761400D88CF0 /* touchTests.xctest */;
			productType = "com.apple.product-type.bundle.unit-test";
		};
		9B1CB1082996761400D88CF0 /* touchUITests */ = {
			isa = PBXNativeTarget;
			buildConfigurationList = 9B1CB1192996761400D88CF0 /* Build configuration list for PBXNativeTarget "touchUITests" */;
			buildPhases = (
				9B1CB1052996761400D88CF0 /* Sources */,
				9B1CB1062996761400D88CF0 /* Frameworks */,
				9B1CB1072996761400D88CF0 /* Resources */,
			);
			buildRules = (
			);
			dependencies = (
				9B1CB10B2996761400D88CF0 /* PBXTargetDependency */,
			);
			name = touchUITests;
			productName = touchUITests;
			productReference = 9B1CB1092996761400D88CF0 /* touchUITests.xctest */;
			productType = "com.apple.product-type.bundle.ui-testing";
		};
/* End PBXNativeTarget section */

/* Begin PBXProject section */
		9B1CB0E22996760900D88CF0 /* Project object */ = {
			isa = PBXProject;
			attributes = {
				BuildIndependentTargetsInParallel = 1;
				LastSwiftUpdateCheck = 1340;
				LastUpgradeCheck = 1340;
				TargetAttributes = {
					9B1CB0E92996760900D88CF0 = {
						CreatedOnToolsVersion = 13.4.1;
					};
					9B1CB0FE2996761400D88CF0 = {
						CreatedOnToolsVersion = 13.4.1;
						TestTargetID = 9B1CB0E92996760900D88CF0;
					};
					9B1CB1082996761400D88CF0 = {
						CreatedOnToolsVersion = 13.4.1;
						TestTargetID = 9B1CB0E92996760900D88CF0;
					};
				};
			};
			buildConfigurationList = 9B1CB0E52996760900D88CF0 /* Build configuration list for PBXProject "touch" */;
			compatibilityVersion = "Xcode 13.0";
			developmentRegion = en;
			hasScannedForEncodings = 0;
			knownRegions = (
				en,
				Base,
			);
			mainGroup = 9B1CB0E12996760900D88CF0;
			productRefGroup = 9B1CB0EB2996760900D88CF0 /* Products */;
			projectDirPath = "";
			projectRoot = "";
			targets = (
				9B1CB0E92996760900D88CF0 /* touch */,
				9B1CB0FE2996761400D88CF0 /* touchTests */,
				9B1CB1082996761400D88CF0 /* touchUITests */,
			);
		};
/* End PBXProject section */

/* Begin PBXResourcesBuildPhase section */
		9B1CB0E82996760900D88CF0 /* Resources */ = {
			isa = PBXResourcesBuildPhase;
			buildActionMask = 2147483647;
			files = (
				9B1CB0F52996761300D88CF0 /* Preview Assets.xcassets in Resources */,
				9B1CB0F22996761300D88CF0 /* Assets.xcassets in Resources */,
			);
			runOnlyForDeploymentPostprocessing = 0;
		};
		9B1CB0FD2996761400D88CF0 /* Resources */ = {
			isa = PBXResourcesBuildPhase;
			buildActionMask = 2147483647;
			files = (
			);
			runOnlyForDeploymentPostprocessing = 0;
		};
		9B1CB1072996761400D88CF0 /* Resources */ = {
			isa = PBXResourcesBuildPhase;
			buildActionMask = 2147483647;
			files = (
			);
			runOnlyForDeploymentPostprocessing = 0;
		};
/* End PBXResourcesBuildPhase section */

/* Begin PBXSourcesBuildPhase section */
		9B1CB0E62996760900D88CF0 /* Sources */ = {
			isa = PBXSourcesBuildPhase;
			buildActionMask = 2147483647;
			files = (
				9B1CB0F72996761300D88CF0 /* Persistence.swift in Sources */,
				9B1CB0FA2996761300D88CF0 /* touch.xcdatamodeld in Sources */,
				9B1CB0F02996760900D88CF0 /* ContentView.swift in Sources */,
				9B1CB0EE2996760900D88CF0 /* touchApp.swift in Sources */,
			);
			runOnlyForDeploymentPostprocessing = 0;
		};
		9B1CB0FB2996761400D88CF0 /* Sources */ = {
			isa = PBXSourcesBuildPhase;
			buildActionMask = 2147483647;
			files = (
				9B1CB1042996761400D88CF0 /* touchTests.swift in Sources */,
			);
			runOnlyForDeploymentPostprocessing = 0;
		};
		9B1CB1052996761400D88CF0 /* Sources */ = {
			isa = PBXSourcesBuildPhase;
			buildActionMask = 2147483647;
			files = (
				9B1CB1102996761400D88CF0 /* touchUITestsLaunchTests.swift in Sources */,
				9B1CB10E2996761400D88CF0 /* touchUITests.swift in Sources */,
			);
			runOnlyForDeploymentPostprocessing = 0;
		};
/* End PBXSourcesBuildPhase section */

/* Begin PBXTargetDependency section */
		9B1CB1012996761400D88CF0 /* PBXTargetDependency */ = {
			isa = PBXTargetDependency;
			target = 9B1CB0E92996760900D88CF0 /* touch */;
			targetProxy = 9B1CB1002996761400D88CF0 /* PBXContainerItemProxy */;
		};
		9B1CB10B2996761400D88CF0 /* PBXTargetDependency */ = {
			isa = PBXTargetDependency;
			target = 9B1CB0E92996760900D88CF0 /* touch */;
			targetProxy = 9B1CB10A2996761400D88CF0 /* PBXContainerItemProxy */;
		};
/* End PBXTargetDependency section */

/* Begin XCBuildConfiguration section */
		9B1CB1112996761400D88CF0 /* Debug */ = {
			isa = XCBuildConfiguration;
			buildSettings = {
				ALWAYS_SEARCH_USER_PATHS = NO;
				CLANG_ANALYZER_NONNULL = YES;
				CLANG_ANALYZER_NUMBER_OBJECT_CONVERSION = YES_AGGRESSIVE;
				CLANG_CXX_LANGUAGE_STANDARD = "gnu++17";
				CLANG_ENABLE_MODULES = YES;
				CLANG_ENABLE_OBJC_ARC = YES;
				CLANG_ENABLE_OBJC_WEAK = YES;
				CLANG_WARN_BLOCK_CAPTURE_AUTORELEASING = YES;
				CLANG_WARN_BOOL_CONVERSION = YES;
				CLANG_WARN_COMMA = YES;
				CLANG_WARN_CONSTANT_CONVERSION = YES;
				CLANG_WARN_DEPRECATED_OBJC_IMPLEMENTATIONS = YES;
				CLANG_WARN_DIRECT_OBJC_ISA_USAGE = YES_ERROR;
				CLANG_WARN_DOCUMENTATION_COMMENTS = YES;
				CLANG_WARN_EMPTY_BODY = YES;
				CLANG_WARN_ENUM_CONVERSION = YES;
				CLANG_WARN_INFINITE_RECURSION = YES;
				CLANG_WARN_INT_CONVERSION = YES;
				CLANG_WARN_NON_LITERAL_NULL_CONVERSION = YES;
				CLANG_WARN_OBJC_IMPLICIT_RETAIN_SELF = YES;
				CLANG_WARN_OBJC_LITERAL_CONVERSION = YES;
				CLANG_WARN_OBJC_ROOT_CLASS = YES_ERROR;
				CLANG_WARN_QUOTED_INCLUDE_IN_FRAMEWORK_HEADER = YES;
				CLANG_WARN_RANGE_LOOP_ANALYSIS = YES;
				CLANG_WARN_STRICT_PROTOTYPES = YES;
				CLANG_WARN_SUSPICIOUS_MOVE = YES;
				CLANG_WARN_UNGUARDED_AVAILABILITY = YES_AGGRESSIVE;
				CLANG_WARN_UNREACHABLE_CODE = YES;
				CLANG_WARN__DUPLICATE_METHOD_MATCH = YES;
				COPY_PHASE_STRIP = NO;
				DEBUG_INFORMATION_FORMAT = dwarf;
				ENABLE_STRICT_OBJC_MSGSEND = YES;
				ENABLE_TESTABILITY = YES;
				GCC_C_LANGUAGE_STANDARD = gnu11;
				GCC_DYNAMIC_NO_PIC = NO;
				GCC_NO_COMMON_BLOCKS = YES;
				GCC_OPTIMIZATION_LEVEL = 0;
				GCC_PREPROCESSOR_DEFINITIONS = (
					"DEBUG=1",
					"$(inherited)",
				);
				GCC_WARN_64_TO_32_BIT_CONVERSION = YES;
				GCC_WARN_ABOUT_RETURN_TYPE = YES_ERROR;
				GCC_WARN_UNDECLARED_SELECTOR = YES;
				GCC_WARN_UNINITIALIZED_AUTOS = YES_AGGRESSIVE;
				GCC_WARN_UNUSED_FUNCTION = YES;
				GCC_WARN_UNUSED_VARIABLE = YES;
				IPHONEOS_DEPLOYMENT_TARGET = 15.5;
				MTL_ENABLE_DEBUG_INFO = INCLUDE_SOURCE;
				MTL_FAST_MATH = YES;
				ONLY_ACTIVE_ARCH = YES;
				SDKROOT = iphoneos;
				SWIFT_ACTIVE_COMPILATION_CONDITIONS = DEBUG;
				SWIFT_OPTIMIZATION_LEVEL = "-Onone";
			};
			name = Debug;
		};
		9B1CB1122996761400D88CF0 /* Release */ = {
			isa = XCBuildConfiguration;
			buildSettings = {
				ALWAYS_SEARCH_USER_PATHS = NO;
				CLANG_ANALYZER_NONNULL = YES;
				CLANG_ANALYZER_NUMBER_OBJECT_CONVERSION = YES_AGGRESSIVE;
				CLANG_CXX_LANGUAGE_STANDARD = "gnu++17";
				CLANG_ENABLE_MODULES = YES;
				CLANG_ENABLE_OBJC_ARC = YES;
				CLANG_ENABLE_OBJC_WEAK = YES;
				CLANG_WARN_BLOCK_CAPTURE_AUTORELEASING = YES;
				CLANG_WARN_BOOL_CONVERSION = YES;
				CLANG_WARN_COMMA = YES;
				CLANG_WARN_CONSTANT_CONVERSION = YES;
				CLANG_WARN_DEPRECATED_OBJC_IMPLEMENTATIONS = YES;
				CLANG_WARN_DIRECT_OBJC_ISA_USAGE = YES_ERROR;
				CLANG_WARN_DOCUMENTATION_COMMENTS = YES;
				CLANG_WARN_EMPTY_BODY = YES;
				CLANG_WARN_ENUM_CONVERSION = YES;
				CLANG_WARN_INFINITE_RECURSION = YES;
				CLANG_WARN_INT_CONVERSION = YES;
				CLANG_WARN_NON_LITERAL_NULL_CONVERSION = YES;
				CLANG_WARN_OBJC_IMPLICIT_RETAIN_SELF = YES;
				CLANG_WARN_OBJC_LITERAL_CONVERSION = YES;
				CLANG_WARN_OBJC_ROOT_CLASS = YES_ERROR;
				CLANG_WARN_QUOTED_INCLUDE_IN_FRAMEWORK_HEADER = YES;
				CLANG_WARN_RANGE_LOOP_ANALYSIS = YES;
				CLANG_WARN_STRICT_PROTOTYPES = YES;
				CLANG_WARN_SUSPICIOUS_MOVE = YES;
				CLANG_WARN_UNGUARDED_AVAILABILITY = YES_AGGRESSIVE;
				CLANG_WARN_UNREACHABLE_CODE = YES;
				CLANG_WARN__DUPLICATE_METHOD_MATCH = YES;
				COPY_PHASE_STRIP = NO;
				DEBUG_INFORMATION_FORMAT = "dwarf-with-dsym";
				ENABLE_NS_ASSERTIONS = NO;
				ENABLE_STRICT_OBJC_MSGSEND = YES;
				GCC_C_LANGUAGE_STANDARD = gnu11;
				GCC_NO_COMMON_BLOCKS = YES;
				GCC_WARN_64_TO_32_BIT_CONVERSION = YES;
				GCC_WARN_ABOUT_RETURN_TYPE = YES_ERROR;
				GCC_WARN_UNDECLARED_SELECTOR = YES;
				GCC_WARN_UNINITIALIZED_AUTOS = YES_AGGRESSIVE;
				GCC_WARN_UNUSED_FUNCTION = YES;
				GCC_WARN_UNUSED_VARIABLE = YES;
				IPHONEOS_DEPLOYMENT_TARGET = 15.5;
				MTL_ENABLE_DEBUG_INFO = NO;
				MTL_FAST_MATH = YES;
				SDKROOT = iphoneos;
				SWIFT_COMPILATION_MODE = wholemodule;
				SWIFT_OPTIMIZATION_LEVEL = "-O";
				VALIDATE_PRODUCT = YES;
			};
			name = Release;
		};
		9B1CB1142996761400D88CF0 /* Debug */ = {
			isa = XCBuildConfiguration;
			buildSettings = {
				ASSETCATALOG_COMPILER_APPICON_NAME = AppIcon;
				ASSETCATALOG_COMPILER_GLOBAL_ACCENT_COLOR_NAME = AccentColor;
				CODE_SIGN_STYLE = Automatic;
				CURRENT_PROJECT_VERSION = 1;
				DEVELOPMENT_ASSET_PATHS = "\"touch/Preview Content\"";
				ENABLE_PREVIEWS = YES;
				GENERATE_INFOPLIST_FILE = YES;
				INFOPLIST_KEY_UIApplicationSceneManifest_Generation = YES;
				INFOPLIST_KEY_UIApplicationSupportsIndirectInputEvents = YES;
				INFOPLIST_KEY_UILaunchScreen_Generation = YES;
				INFOPLIST_KEY_UISupportedInterfaceOrientations_iPad = "UIInterfaceOrientationPortrait UIInterfaceOrientationPortraitUpsideDown UIInterfaceOrientationLandscapeLeft UIInterfaceOrientationLandscapeRight";
				INFOPLIST_KEY_UISupportedInterfaceOrientations_iPhone = "UIInterfaceOrientationPortrait UIInterfaceOrientationLandscapeLeft UIInterfaceOrientationLandscapeRight";
				LD_RUNPATH_SEARCH_PATHS = (
					"$(inherited)",
					"@executable_path/Frameworks",
				);
				MARKETING_VERSION = 1.0;
				PRODUCT_BUNDLE_IDENTIFIER = nourallah.touch;
				PRODUCT_NAME = "$(TARGET_NAME)";
				SWIFT_EMIT_LOC_STRINGS = YES;
				SWIFT_VERSION = 5.0;
				TARGETED_DEVICE_FAMILY = "1,2";
			};
			name = Debug;
		};
		9B1CB1152996761400D88CF0 /* Release */ = {
			isa = XCBuildConfiguration;
			buildSettings = {
				ASSETCATALOG_COMPILER_APPICON_NAME = AppIcon;
				ASSETCATALOG_COMPILER_GLOBAL_ACCENT_COLOR_NAME = AccentColor;
				CODE_SIGN_STYLE = Automatic;
				CURRENT_PROJECT_VERSION = 1;
				DEVELOPMENT_ASSET_PATHS = "\"touch/Preview Content\"";
				ENABLE_PREVIEWS = YES;
				GENERATE_INFOPLIST_FILE = YES;
				INFOPLIST_KEY_UIApplicationSceneManifest_Generation = YES;
				INFOPLIST_KEY_UIApplicationSupportsIndirectInputEvents = YES;
				INFOPLIST_KEY_UILaunchScreen_Generation = YES;
				INFOPLIST_KEY_UISupportedInterfaceOrientations_iPad = "UIInterfaceOrientationPortrait UIInterfaceOrientationPortraitUpsideDown UIInterfaceOrientationLandscapeLeft UIInterfaceOrientationLandscapeRight";
				INFOPLIST_KEY_UISupportedInterfaceOrientations_iPhone = "UIInterfaceOrientationPortrait UIInterfaceOrientationLandscapeLeft UIInterfaceOrientationLandscapeRight";
				LD_RUNPATH_SEARCH_PATHS = (
					"$(inherited)",
					"@executable_path/Frameworks",
				);
				MARKETING_VERSION = 1.0;
				PRODUCT_BUNDLE_IDENTIFIER = nourallah.touch;
				PRODUCT_NAME = "$(TARGET_NAME)";
				SWIFT_EMIT_LOC_STRINGS = YES;
				SWIFT_VERSION = 5.0;
				TARGETED_DEVICE_FAMILY = "1,2";
			};
			name = Release;
		};
		9B1CB1172996761400D88CF0 /* Debug */ = {
			isa = XCBuildConfiguration;
			buildSettings = {
				ALWAYS_EMBED_SWIFT_STANDARD_LIBRARIES = YES;
				BUNDLE_LOADER = "$(TEST_HOST)";
				CODE_SIGN_STYLE = Automatic;
				CURRENT_PROJECT_VERSION = 1;
				GENERATE_INFOPLIST_FILE = YES;
				IPHONEOS_DEPLOYMENT_TARGET = 15.5;
				MARKETING_VERSION = 1.0;
				PRODUCT_BUNDLE_IDENTIFIER = nourallah.touchTests;
				PRODUCT_NAME = "$(TARGET_NAME)";
				SWIFT_EMIT_LOC_STRINGS = NO;
				SWIFT_VERSION = 5.0;
				TARGETED_DEVICE_FAMILY = "1,2";
				TEST_HOST = "$(BUILT_PRODUCTS_DIR)/touch.app/touch";
			};
			name = Debug;
		};
		9B1CB1182996761400D88CF0 /* Release */ = {
			isa = XCBuildConfiguration;
			buildSettings = {
				ALWAYS_EMBED_SWIFT_STANDARD_LIBRARIES = YES;
				BUNDLE_LOADER = "$(TEST_HOST)";
				CODE_SIGN_STYLE = Automatic;
				CURRENT_PROJECT_VERSION = 1;
				GENERATE_INFOPLIST_FILE = YES;
				IPHONEOS_DEPLOYMENT_TARGET = 15.5;
				MARKETING_VERSION = 1.0;
				PRODUCT_BUNDLE_IDENTIFIER = nourallah.touchTests;
				PRODUCT_NAME = "$(TARGET_NAME)";
				SWIFT_EMIT_LOC_STRINGS = NO;
				SWIFT_VERSION = 5.0;
				TARGETED_DEVICE_FAMILY = "1,2";
				TEST_HOST = "$(BUILT_PRODUCTS_DIR)/touch.app/touch";
			};
			name = Release;
		};
		9B1CB11A2996761400D88CF0 /* Debug */ = {
			isa = XCBuildConfiguration;
			buildSettings = {
				ALWAYS_EMBED_SWIFT_STANDARD_LIBRARIES = YES;
				CODE_SIGN_STYLE = Automatic;
				CURRENT_PROJECT_VERSION = 1;
				GENERATE_INFOPLIST_FILE = YES;
				MARKETING_VERSION = 1.0;
				PRODUCT_BUNDLE_IDENTIFIER = nourallah.touchUITests;
				PRODUCT_NAME = "$(TARGET_NAME)";
				SWIFT_EMIT_LOC_STRINGS = NO;
				SWIFT_VERSION = 5.0;
				TARGETED_DEVICE_FAMILY = "1,2";
				TEST_TARGET_NAME = touch;
			};
			name = Debug;
		};
		9B1CB11B2996761400D88CF0 /* Release */ = {
			isa = XCBuildConfiguration;
			buildSettings = {
				ALWAYS_EMBED_SWIFT_STANDARD_LIBRARIES = YES;
				CODE_SIGN_STYLE = Automatic;
				CURRENT_PROJECT_VERSION = 1;
				GENERATE_INFOPLIST_FILE = YES;
				MARKETING_VERSION = 1.0;
				PRODUCT_BUNDLE_IDENTIFIER = nourallah.touchUITests;
				PRODUCT_NAME = "$(TARGET_NAME)";
				SWIFT_EMIT_LOC_STRINGS = NO;
				SWIFT_VERSION = 5.0;
				TARGETED_DEVICE_FAMILY = "1,2";
				TEST_TARGET_NAME = touch;
			};
			name = Release;
		};
/* End XCBuildConfiguration section */

/* Begin XCConfigurationList section */
		9B1CB0E52996760900D88CF0 /* Build configuration list for PBXProject "touch" */ = {
			isa = XCConfigurationList;
			buildConfigurations = (
				9B1CB1112996761400D88CF0 /* Debug */,
				9B1CB1122996761400D88CF0 /* Release */,
			);
			defaultConfigurationIsVisible = 0;
			defaultConfigurationName = Release;
		};
		9B1CB1132996761400D88CF0 /* Build configuration list for PBXNativeTarget "touch" */ = {
			isa = XCConfigurationList;
			buildConfigurations = (
				9B1CB1142996761400D88CF0 /* Debug */,
				9B1CB1152996761400D88CF0 /* Release */,
			);
			defaultConfigurationIsVisible = 0;
			defaultConfigurationName = Release;
		};
		9B1CB1162996761400D88CF0 /* Build configuration list for PBXNativeTarget "touchTests" */ = {
			isa = XCConfigurationList;
			buildConfigurations = (
				9B1CB1172996761400D88CF0 /* Debug */,
				9B1CB1182996761400D88CF0 /* Release */,
			);
			defaultConfigurationIsVisible = 0;
			defaultConfigurationName = Release;
		};
		9B1CB1192996761400D88CF0 /* Build configuration list for PBXNativeTarget "touchUITests" */ = {
			isa = XCConfigurationList;
			buildConfigurations = (
				9B1CB11A2996761400D88CF0 /* Debug */,
				9B1CB11B2996761400D88CF0 /* Release */,
			);
			defaultConfigurationIsVisible = 0;
			defaultConfigurationName = Release;
		};
/* End XCConfigurationList section */

/* Begin XCVersionGroup section */
		9B1CB0F82996761300D88CF0 /* touch.xcdatamodeld */ = {
			isa = XCVersionGroup;
			children = (
				9B1CB0F92996761300D88CF0 /* touch.xcdatamodel */,
			);
			currentVersion = 9B1CB0F92996761300D88CF0 /* touch.xcdatamodel */;
			path = touch.xcdatamodeld;
			sourceTree = "<group>";
			versionGroupType = wrapper.xcdatamodel;
		};
/* End XCVersionGroup section */
	};
	rootObject = 9B1CB0E22996760900D88CF0 /* Project object */;
}
